Microsoft Visual Studio Solution File, Format Version 12.00
# Visual Studio Version 17
VisualStudioVersion = 17.5.2.0
MinimumVisualStudioVersion = 10.0.40219.1
Project("{FAE04EC0-301F-11D3-BF4B-00C04F79EFBC}") = "ArtEva", "ArtEva\ArtEva.csproj", "{D0EF60F9-1913-CE8B-CAF2-C03176248F78}"
EndProject
Global
	GlobalSection(SolutionConfigurationPlatforms) = preSolution
		Debug|Any CPU = Debug|Any CPU
		Release|Any CPU = Release|Any CPU
	EndGlobalSection
	GlobalSection(ProjectConfigurationPlatforms) = postSolution
		{D0EF60F9-1913-CE8B-CAF2-C03176248F78}.Debug|Any CPU.ActiveCfg = Debug|Any CPU
		{D0EF60F9-1913-CE8B-CAF2-C03176248F78}.Debug|Any CPU.Build.0 = Debug|Any CPU
		{D0EF60F9-1913-CE8B-CAF2-C03176248F78}.Release|Any CPU.ActiveCfg = Release|Any CPU
		{D0EF60F9-1913-CE8B-CAF2-C03176248F78}.Release|Any CPU.Build.0 = Release|Any CPU
	EndGlobalSection
	GlobalSection(SolutionProperties) = preSolution
		HideSolutionNode = FALSE
	EndGlobalSection
	GlobalSection(ExtensibilityGlobals) = postSolution
		SolutionGuid = {998BEF72-C7E2-486F-B140-13639A4013AB}
	EndGlobalSection
EndGlobal
